
Microsoft Visual Studio Solution File, Format Version 12.00
# Visual Studio 15
VisualStudioVersion = 15.0.27130.2010
MinimumVisualStudioVersion = 10.0.40219.1
Project("{FAE04EC0-301F-11D3-BF4B-00C04F79EFBC}") = "DataConverter", "DataConverter\DataConverter.csproj", "{FFF652B0-AFC5-4D04-9AD7-0D41D5EDB742}"
EndProject
Project("{FAE04EC0-301F-11D3-BF4B-00C04F79EFBC}") = "FourierConverter", "FourierConverter\FourierConverter.csproj", "{D936F214-DE4D-4F5A-8FB1-0E1A234856BF}"
EndProject
Global
	GlobalSection(SolutionConfigurationPlatforms) = preSolution
		Debug|Any CPU = Debug|Any CPU
		Release|Any CPU = Release|Any CPU
	EndGlobalSection
	GlobalSection(ProjectConfigurationPlatforms) = postSolution
		{FFF652B0-AFC5-4D04-9AD7-0D41D5EDB742}.Debug|Any CPU.ActiveCfg = Debug|Any CPU
		{FFF652B0-AFC5-4D04-9AD7-0D41D5EDB742}.Debug|Any CPU.Build.0 = Debug|Any CPU
		{FFF652B0-AFC5-4D04-9AD7-0D41D5EDB742}.Release|Any CPU.ActiveCfg = Release|Any CPU
		{FFF652B0-AFC5-4D04-9AD7-0D41D5EDB742}.Release|Any CPU.Build.0 = Release|Any CPU
		{D936F214-DE4D-4F5A-8FB1-0E1A234856BF}.Debug|Any CPU.ActiveCfg = Debug|Any CPU
		{D936F214-DE4D-4F5A-8FB1-0E1A234856BF}.Debug|Any CPU.Build.0 = Debug|Any CPU
		{D936F214-DE4D-4F5A-8FB1-0E1A234856BF}.Release|Any CPU.ActiveCfg = Release|Any CPU
		{D936F214-DE4D-4F5A-8FB1-0E1A234856BF}.Release|Any CPU.Build.0 = Release|Any CPU
	EndGlobalSection
	GlobalSection(SolutionProperties) = preSolution
		HideSolutionNode = FALSE
	EndGlobalSection
	GlobalSection(ExtensibilityGlobals) = postSolution
		SolutionGuid = {5BF3262E-B2EF-4A9C-8BEE-F460E781554F}
	EndGlobalSection
EndGlobal
